
Microsoft Visual Studio Solution File, Format Version 12.00
# Visual Studio Version 17
VisualStudioVersion = 17.11.35222.181
MinimumVisualStudioVersion = 10.0.40219.1
Project("{FAE04EC0-301F-11D3-BF4B-00C04F79EFBC}") = "Productosv2", "Productosv2\Productosv2.csproj", "{533526AA-4D4F-47CB-9A5F-AC4E36AC6190}"
EndProject
Global
	GlobalSection(SolutionConfigurationPlatforms) = preSolution
		Debug|Any CPU = Debug|Any CPU
		Release|Any CPU = Release|Any CPU
	EndGlobalSection
	GlobalSection(ProjectConfigurationPlatforms) = postSolution
		{533526AA-4D4F-47CB-9A5F-AC4E36AC6190}.Debug|Any CPU.ActiveCfg = Debug|Any CPU
		{533526AA-4D4F-47CB-9A5F-AC4E36AC6190}.Debug|Any CPU.Build.0 = Debug|Any CPU
		{533526AA-4D4F-47CB-9A5F-AC4E36AC6190}.Release|Any CPU.ActiveCfg = Release|Any CPU
		{533526AA-4D4F-47CB-9A5F-AC4E36AC6190}.Release|Any CPU.Build.0 = Release|Any CPU
	EndGlobalSection
	GlobalSection(SolutionProperties) = preSolution
		HideSolutionNode = FALSE
	EndGlobalSection
	GlobalSection(ExtensibilityGlobals) = postSolution
		SolutionGuid = {BCA85DA1-4B9A-4D2D-8FBD-313866C32201}
	EndGlobalSection
EndGlobal
